
Microsoft Visual Studio Solution File, Format Version 12.00
# Visual Studio Version 17
VisualStudioVersion = 17.11.35219.272
MinimumVisualStudioVersion = 10.0.40219.1
Project("{FAE04EC0-301F-11D3-BF4B-00C04F79EFBC}") = "PR6_2_Sokolov_Kardonov_522_Test", "PR6_2_Sokolov_Kardonov_522_Test\PR6_2_Sokolov_Kardonov_522_Test.csproj", "{1A0B6EE7-CE28-4CE0-89E2-202F6D621488}"
EndProject
Project("{FAE04EC0-301F-11D3-BF4B-00C04F79EFBC}") = "UserManagement.Tests", "UserManagement.Tests\UserManagement.Tests.csproj", "{BF340941-85B9-42A8-8642-D87BDBB52FF4}"
EndProject
Global
	GlobalSection(SolutionConfigurationPlatforms) = preSolution
		Debug|Any CPU = Debug|Any CPU
		Release|Any CPU = Release|Any CPU
	EndGlobalSection
	GlobalSection(ProjectConfigurationPlatforms) = postSolution
		{1A0B6EE7-CE28-4CE0-89E2-202F6D621488}.Debug|Any CPU.ActiveCfg = Debug|Any CPU
		{1A0B6EE7-CE28-4CE0-89E2-202F6D621488}.Debug|Any CPU.Build.0 = Debug|Any CPU
		{1A0B6EE7-CE28-4CE0-89E2-202F6D621488}.Release|Any CPU.ActiveCfg = Release|Any CPU
		{1A0B6EE7-CE28-4CE0-89E2-202F6D621488}.Release|Any CPU.Build.0 = Release|Any CPU
		{BF340941-85B9-42A8-8642-D87BDBB52FF4}.Debug|Any CPU.ActiveCfg = Debug|Any CPU
		{BF340941-85B9-42A8-8642-D87BDBB52FF4}.Debug|Any CPU.Build.0 = Debug|Any CPU
		{BF340941-85B9-42A8-8642-D87BDBB52FF4}.Release|Any CPU.ActiveCfg = Release|Any CPU
		{BF340941-85B9-42A8-8642-D87BDBB52FF4}.Release|Any CPU.Build.0 = Release|Any CPU
	EndGlobalSection
	GlobalSection(SolutionProperties) = preSolution
		HideSolutionNode = FALSE
	EndGlobalSection
	GlobalSection(ExtensibilityGlobals) = postSolution
		SolutionGuid = {CF332F45-F0C3-47CA-B5E6-E38E578157B7}
	EndGlobalSection
EndGlobal
